[[package]]
name = "altgraph"
version = "0.17"
description = "Python graph (network) package"
category = "dev"
optional = false
python-versions = "*"

[[package]]
name = "apipkg"
version = "1.5"
description = "apipkg: namespace control and lazy-import mechanism"
category = "dev"
optional = false
python-versions = ">=2.7, !=3.0.*, !=3.1.*, !=3.2.*, !=3.3.*"

[[package]]
name = "appdirs"
version = "1.4.4"
description = "A small Python module for determining appropriate platform-specific dirs, e.g. a \"user data dir\"."
category = "dev"
optional = false
python-versions = "*"

[[package]]
name = "atomicwrites"
version = "1.4.0"
description = "Atomic file writes."
category = "dev"
optional = false
python-versions = ">=2.7, !=3.0.*, !=3.1.*, !=3.2.*, !=3.3.*"

[[package]]
name = "attrs"
version = "21.2.0"
description = "Classes Without Boilerplate"
category = "main"
optional = false
python-versions = ">=2.7, !=3.0.*, !=3.1.*, !=3.2.*, !=3.3.*, !=3.4.*"

[package.extras]
dev = ["coverage[toml] (>=5.0.2)", "hypothesis", "pympler", "pytest (>=4.3.0)", "six", "mypy", "pytest-mypy-plugins", "zope.interface", "furo", "sphinx", "sphinx-notfound-page", "pre-commit"]
docs = ["furo", "sphinx", "zope.interface", "sphinx-notfound-page"]
tests = ["coverage[toml] (>=5.0.2)", "hypothesis", "pympler", "pytest (>=4.3.0)", "six", "mypy", "pytest-mypy-plugins", "zope.interface"]
tests_no_zope = ["coverage[toml] (>=5.0.2)", "hypothesis", "pympler", "pytest (>=4.3.0)", "six", "mypy", "pytest-mypy-plugins"]

[[package]]
name = "certifi"
version = "2020.12.5"
description = "Python package for providing Mozilla's CA Bundle."
category = "main"
optional = true
python-versions = "*"

[[package]]
name = "cffi"
version = "1.14.5"
description = "Foreign Function Interface for Python calling C code."
category = "main"
optional = false
python-versions = "*"

[package.dependencies]
pycparser = "*"

[[package]]
name = "cfgv"
version = "3.2.0"
description = "Validate configuration and produce human readable error messages."
category = "dev"
optional = false
python-versions = ">=3.6.1"

[[package]]
name = "chardet"
version = "4.0.0"
description = "Universal encoding detector for Python 2 and 3"
category = "main"
optional = true
python-versions = ">=2.7, !=3.0.*, !=3.1.*, !=3.2.*, !=3.3.*, !=3.4.*"

[[package]]
name = "click"
version = "7.1.2"
description = "Composable command line interface toolkit"
category = "main"
optional = true
python-versions = ">=2.7, !=3.0.*, !=3.1.*, !=3.2.*, !=3.3.*, !=3.4.*"

[[package]]
name = "colorama"
version = "0.4.4"
description = "Cross-platform colored terminal text."
category = "main"
optional = false
python-versions = ">=2.7, !=3.0.*, !=3.1.*, !=3.2.*, !=3.3.*, !=3.4.*"

[[package]]
name = "distlib"
version = "0.3.1"
description = "Distribution utilities"
category = "dev"
optional = false
python-versions = "*"

[[package]]
name = "docspec"
version = "0.2.1"
description = "Docspec is a JSON object specification for representing API documentation of programming languages."
category = "main"
optional = true
python-versions = ">=3.6.0,<4.0.0"

[package.dependencies]
"nr.databind.core" = ">=0.0.19,<0.1.0"
"nr.databind.json" = ">=0.0.9,<0.1.0"

[[package]]
name = "docspec-python"
version = "0.1.0"
description = "A parser based on lib2to3 producing docspec data from Python source code."
category = "main"
optional = true
python-versions = ">=3.5.0,<4.0.0"

[package.dependencies]
docspec = ">=0.2.0,<0.3.0"
"nr.sumtype" = ">=0.0.3,<0.1.0"

[[package]]
name = "execnet"
version = "1.8.0"
description = "execnet: rapid multi-Python deployment"
category = "dev"
optional = false
python-versions = ">=2.7, !=3.0.*, !=3.1.*, !=3.2.*, !=3.3.*, !=3.4.*"

[package.dependencies]
apipkg = ">=1.4"

[package.extras]
testing = ["pre-commit"]

[[package]]
name = "filelock"
version = "3.0.12"
description = "A platform independent file lock."
category = "dev"
optional = false
python-versions = "*"

[[package]]
name = "future"
version = "0.18.2"
description = "Clean single-source support for Python 3 and 2"
category = "dev"
optional = false
python-versions = ">=2.6, !=3.0.*, !=3.1.*, !=3.2.*"

[[package]]
name = "identify"
version = "2.2.4"
description = "File identification library for Python"
category = "dev"
optional = false
python-versions = ">=3.6.1"

[package.extras]
license = ["editdistance-s"]

[[package]]
name = "idna"
version = "2.10"
description = "Internationalized Domain Names in Applications (IDNA)"
category = "main"
optional = true
python-versions = ">=2.7, !=3.0.*, !=3.1.*, !=3.2.*, !=3.3.*"

[[package]]
name = "iniconfig"
version = "1.1.1"
description = "iniconfig: brain-dead simple config-ini parsing"
category = "dev"
optional = false
python-versions = "*"

[[package]]
name = "loguru"
version = "0.5.3"
description = "Python logging made (stupidly) simple"
category = "main"
optional = false
python-versions = ">=3.5"

[package.dependencies]
colorama = {version = ">=0.3.4", markers = "sys_platform == \"win32\""}
win32-setctime = {version = ">=1.0.0", markers = "sys_platform == \"win32\""}

[package.extras]
dev = ["codecov (>=2.0.15)", "colorama (>=0.3.4)", "flake8 (>=3.7.7)", "tox (>=3.9.0)", "tox-travis (>=0.12)", "pytest (>=4.6.2)", "pytest-cov (>=2.7.1)", "Sphinx (>=2.2.1)", "sphinx-autobuild (>=0.7.1)", "sphinx-rtd-theme (>=0.4.3)", "black (>=19.10b0)", "isort (>=5.1.1)"]

[[package]]
name = "macholib"
version = "1.14"
description = "Mach-O header analysis and editing"
category = "dev"
optional = false
python-versions = "*"

[package.dependencies]
altgraph = ">=0.15"

[[package]]
name = "nodeenv"
version = "1.6.0"
description = "Node.js virtual environment builder"
category = "dev"
optional = false
python-versions = "*"

[[package]]
name = "nr.collections"
version = "0.0.1"
description = "Useful container datatypes for Python 2 and 3."
category = "main"
optional = true
python-versions = "*"

[package.dependencies]
"nr.metaclass" = ">=0.0.1,<0.1.0"
six = ">=1.11.0,<2.0.0"

[package.extras]
test = ["nr.fs (>=1.5.0,<2.0.0)"]

[[package]]
name = "nr.databind.core"
version = "0.0.22"
description = "Bind structured data directly to typed objects."
category = "main"
optional = true
python-versions = "*"

[package.dependencies]
"nr.collections" = ">=0.0.1,<1.0.0"
"nr.interface" = ">=0.0.1,<0.1.0"
"nr.pylang.utils" = ">=0.0.3,<0.1.0"
"nr.stream" = ">=0.0.1,<0.1.0"

[[package]]
name = "nr.databind.json"
version = "0.0.14"
description = "Deserialize JSON into Python objects and reverse."
category = "main"
optional = true
python-versions = "*"

[package.dependencies]
"nr.collections" = ">=0.0.1,<1.0.0"
"nr.databind.core" = ">=0.0.21,<0.1.0"
"nr.interface" = ">=0.0.1,<0.1.0"
"nr.parsing.date" = ">=0.1.0,<1.0.0"
"nr.pylang.utils" = ">=0.0.1,<0.1.0"

[[package]]
name = "nr.fs"
version = "1.6.3"
description = "Filesystem and path manipulation tools."
category = "main"
optional = true
python-versions = "*"

[package.dependencies]
six = ">=1.11.0,<2.0.0"

[[package]]
name = "nr.interface"
version = "0.0.4"
description = "Interface definitions for Python."
category = "main"
optional = true
python-versions = "*"

[package.dependencies]
"nr.collections" = ">=0.0.1,<1.0.0"
"nr.metaclass" = ">=0.0.1,<0.1.0"
"nr.pylang.utils" = ">=0.0.1,<0.1.0"
six = ">=1.11.0,<2.0.0"

[[package]]
name = "nr.metaclass"
version = "0.0.6"
description = "Metaclass utilities."
category = "main"
optional = true
python-versions = "*"

[[package]]
name = "nr.parsing.date"
version = "0.6.1"
description = "A simple and fast date parsing library. Uses dateutil for timezone offset support."
category = "main"
optional = true
python-versions = ">=3.5.0,<4.0.0"

[package.dependencies]
"nr.utils.re" = ">=0.1.0,<0.2.0"

[[package]]
name = "nr.pylang.utils"
version = "0.0.4"
description = "Package description here."
category = "main"
optional = true
python-versions = ">=3.4.0,<4.0.0"

[package.dependencies]
"nr.collections" = ">=0.0.1,<1.0.0"

[[package]]
name = "nr.stream"
version = "0.0.5"
description = "Use iterators like Java streams."
category = "main"
optional = true
python-versions = "*"

[package.dependencies]
"nr.collections" = ">=0.0.1,<1.0.0"
"nr.pylang.utils" = ">=0.0.1,<1.0.0"
six = ">=1.11.0,<2.0.0"

[[package]]
name = "nr.sumtype"
version = "0.0.4"
description = "Sumtypes in Python."
category = "main"
optional = true
python-versions = "*"

[package.dependencies]
"nr.metaclass" = ">=0.0.4,<1.0.0"
"nr.stream" = ">=0.0.2,<1.0.0"

[[package]]
name = "nr.utils.re"
version = "0.1.1"
description = "This module provides some utility functions for applying regular expressions."
category = "main"
optional = true
python-versions = "*"

[[package]]
name = "packaging"
version = "20.9"
description = "Core utilities for Python packages"
category = "dev"
optional = false
python-versions = ">=2.7, !=3.0.*, !=3.1.*, !=3.2.*, !=3.3.*"

[package.dependencies]
pyparsing = ">=2.0.2"

[[package]]
name = "pefile"
version = "2019.4.18"
description = "Python PE parsing module"
category = "dev"
optional = false
python-versions = "*"

[package.dependencies]
future = "*"

[[package]]
name = "pluggy"
version = "0.13.1"
description = "plugin and hook calling mechanisms for python"
category = "dev"
optional = false
python-versions = ">=2.7, !=3.0.*, !=3.1.*, !=3.2.*, !=3.3.*"

[package.extras]
dev = ["pre-commit", "tox"]

[[package]]
name = "pre-commit"
version = "2.20.0"
description = "A framework for managing and maintaining multi-language pre-commit hooks."
category = "dev"
optional = false
python-versions = ">=3.7"

[package.dependencies]
cfgv = ">=2.0.0"
identify = ">=1.0.0"
nodeenv = ">=0.11.1"
pyyaml = ">=5.1"
toml = "*"
virtualenv = ">=20.0.8"

[[package]]
name = "py"
version = "1.10.0"
description = "library with cross-python path, ini-parsing, io, code, log facilities"
category = "main"
optional = false
python-versions = ">=2.7, !=3.0.*, !=3.1.*, !=3.2.*, !=3.3.*"

[[package]]
name = "pycparser"
version = "2.20"
description = "C parser in Python"
category = "main"
optional = false
python-versions = ">=2.7, !=3.0.*, !=3.1.*, !=3.2.*, !=3.3.*"

[[package]]
name = "pydoc-markdown"
version = "3.10.3"
description = "Create Python API documentation in Markdown format."
category = "main"
optional = true
python-versions = ">=3.5.0,<4.0.0"

[package.dependencies]
click = ">=7.0.0,<8.0.0"
docspec = ">=0.2.0,<0.3.0"
docspec-python = ">=0.1.0,<0.2.0"
"nr.collections" = ">=0.0.1,<0.1.0"
"nr.databind.core" = ">=0.0.18,<0.1.0"
"nr.databind.json" = ">=0.0.9,<0.1.0"
"nr.fs" = ">=1.6.0,<2.0.0"
"nr.interface" = ">=0.0.3,<0.1.0"
PyYAML = ">=5.3.0,<6.0.0"
requests = ">=2.23.0,<3.0.0"
six = ">=1.11.0,<2.0.0"
toml = ">=0.10.1,<1.0.0"
watchdog = ">=1.0.0,<2.0.0"

[[package]]
name = "pyinstaller"
version = "4.3"
description = "PyInstaller bundles a Python application and all its dependencies into a single package."
category = "dev"
optional = false
python-versions = ">=3.6"

[package.dependencies]
altgraph = "*"
macholib = {version = ">=1.8", markers = "sys_platform == \"darwin\""}
pefile = {version = ">=2017.8.1", markers = "sys_platform == \"win32\""}
pyinstaller-hooks-contrib = ">=2020.6"
pywin32-ctypes = {version = ">=0.2.0", markers = "sys_platform == \"win32\""}

[package.extras]
encryption = ["tinyaes (>=1.0.0)"]
hook_testing = ["pytest (>=2.7.3)", "execnet (>=1.5.0)", "psutil"]

[[package]]
name = "pyinstaller-hooks-contrib"
version = "2021.1"
description = "Community maintained hooks for PyInstaller"
category = "dev"
optional = false
python-versions = "*"

[[package]]
name = "pyparsing"
version = "2.4.7"
description = "Python parsing module"
category = "dev"
optional = false
python-versions = ">=2.6, !=3.0.*, !=3.1.*, !=3.2.*"

[[package]]
name = "pytest"
version = "6.2.4"
description = "pytest: simple powerful testing with Python"
category = "dev"
optional = false
python-versions = ">=3.6"

[package.dependencies]
atomicwrites = {version = ">=1.0", markers = "sys_platform == \"win32\""}
attrs = ">=19.2.0"
colorama = {version = "*", markers = "sys_platform == \"win32\""}
iniconfig = "*"
packaging = "*"
pluggy = ">=0.12,<1.0.0a1"
py = ">=1.8.2"
toml = "*"

[package.extras]
testing = ["argcomplete", "hypothesis (>=3.56)", "mock", "nose", "requests", "xmlschema"]

[[package]]
name = "pytest-forked"
version = "1.3.0"
description = "run tests in isolated forked subprocesses"
category = "dev"
optional = false
python-versions = ">=2.7, !=3.0.*, !=3.1.*, !=3.2.*, !=3.3.*, !=3.4.*"

[package.dependencies]
py = "*"
pytest = ">=3.10"

[[package]]
name = "pytest-xdist"
version = "2.2.1"
description = "pytest xdist plugin for distributed testing and loop-on-failing modes"
category = "dev"
optional = false
python-versions = ">=3.5"

[package.dependencies]
execnet = ">=1.1"
pytest = ">=6.0.0"
pytest-forked = "*"

[package.extras]
psutil = ["psutil (>=3.0)"]
testing = ["filelock"]

[[package]]
name = "pywin32-ctypes"
version = "0.2.0"
description = ""
category = "dev"
optional = false
python-versions = "*"

[[package]]
name = "pyyaml"
version = "5.4.1"
description = "YAML parser and emitter for Python"
category = "main"
optional = false
python-versions = ">=2.7, !=3.0.*, !=3.1.*, !=3.2.*, !=3.3.*, !=3.4.*, !=3.5.*"

[[package]]
name = "pyzmq"
version = "22.0.3"
description = "Python bindings for 0MQ"
category = "main"
optional = false
python-versions = ">=3.6"

[package.dependencies]
cffi = {version = "*", markers = "implementation_name == \"pypy\""}
py = {version = "*", markers = "implementation_name == \"pypy\""}

[[package]]
name = "requests"
version = "2.25.1"
description = "Python HTTP for Humans."
category = "main"
optional = true
python-versions = ">=2.7, !=3.0.*, !=3.1.*, !=3.2.*, !=3.3.*, !=3.4.*"

[package.dependencies]
certifi = ">=2017.4.17"
chardet = ">=3.0.2,<5"
idna = ">=2.5,<3"
urllib3 = ">=1.21.1,<1.27"

[package.extras]
security = ["pyOpenSSL (>=0.14)", "cryptography (>=1.3.4)"]
socks = ["PySocks (>=1.5.6,!=1.5.7)", "win-inet-pton"]

[[package]]
name = "six"
version = "1.15.0"
description = "Python 2 and 3 compatibility utilities"
category = "main"
optional = false
python-versions = ">=2.7, !=3.0.*, !=3.1.*, !=3.2.*"

[[package]]
name = "toml"
version = "0.10.2"
description = "Python Library for Tom's Obvious, Minimal Language"
category = "main"
optional = false
python-versions = ">=2.6, !=3.0.*, !=3.1.*, !=3.2.*"

[[package]]
name = "urllib3"
version = "1.26.4"
description = "HTTP library with thread-safe connection pooling, file post, and more."
category = "main"
optional = true
python-versions = ">=2.7, !=3.0.*, !=3.1.*, !=3.2.*, !=3.3.*, !=3.4.*, <4"

[package.extras]
secure = ["pyOpenSSL (>=0.14)", "cryptography (>=1.3.4)", "idna (>=2.0.0)", "certifi", "ipaddress"]
socks = ["PySocks (>=1.5.6,!=1.5.7,<2.0)"]
brotli = ["brotlipy (>=0.6.0)"]

[[package]]
name = "virtualenv"
version = "20.4.4"
description = "Virtual Python Environment builder"
category = "dev"
optional = false
python-versions = "!=3.0.*,!=3.1.*,!=3.2.*,!=3.3.*,>=2.7"

[package.dependencies]
appdirs = ">=1.4.3,<2"
distlib = ">=0.3.1,<1"
filelock = ">=3.0.0,<4"
six = ">=1.9.0,<2"

[package.extras]
docs = ["proselint (>=0.10.2)", "sphinx (>=3)", "sphinx-argparse (>=0.2.5)", "sphinx-rtd-theme (>=0.4.3)", "towncrier (>=19.9.0rc1)"]
testing = ["coverage (>=4)", "coverage-enable-subprocess (>=1)", "flaky (>=3)", "pytest (>=4)", "pytest-env (>=0.6.2)", "pytest-freezegun (>=0.4.1)", "pytest-mock (>=2)", "pytest-randomly (>=1)", "pytest-timeout (>=1)", "packaging (>=20.0)", "xonsh (>=0.9.16)"]

[[package]]
name = "watchdog"
version = "1.0.2"
description = "Filesystem events monitoring"
category = "main"
optional = true
python-versions = ">=3.6"

[package.extras]
watchmedo = ["PyYAML (>=3.10)", "argh (>=0.24.1)"]

[[package]]
name = "win32-setctime"
version = "1.0.3"
description = "A small Python utility to set file creation time on Windows"
category = "main"
optional = false
python-versions = ">=3.5"

[package.extras]
dev = ["pytest (>=4.6.2)", "black (>=19.3b0)"]

[[package]]
name = "yapf"
version = "0.31.0"
description = "A formatter for Python code."
category = "dev"
optional = false
python-versions = "*"

[extras]
docs = ["pydoc-markdown"]

[metadata]
lock-version = "1.1"
python-versions = "^3.9.1"
content-hash = "b14acb458070c0efa17c985bddafc0027da7363dd0baaa0352be8f3060f5848f"

[metadata.files]
altgraph = []
apipkg = []
appdirs = []
atomicwrites = []
attrs = []
certifi = []
cffi = []
cfgv = []
chardet = []
click = []
colorama = []
distlib = []
docspec = []
docspec-python = []
execnet = []
filelock = []
future = []
identify = []
idna = []
iniconfig = []
loguru = []
macholib = []
nodeenv = []
"nr.collections" = []
"nr.databind.core" = []
"nr.databind.json" = []
"nr.fs" = []
"nr.interface" = []
"nr.metaclass" = []
"nr.parsing.date" = []
"nr.pylang.utils" = []
"nr.stream" = []
"nr.sumtype" = []
"nr.utils.re" = []
packaging = []
pefile = []
pluggy = []
pre-commit = []
py = []
pycparser = []
pydoc-markdown = []
pyinstaller = []
pyinstaller-hooks-contrib = []
pyparsing = []
pytest = []
pytest-forked = []
pytest-xdist = []
pywin32-ctypes = []
pyyaml = []
pyzmq = []
requests = []
six = []
toml = []
urllib3 = []
virtualenv = []
watchdog = []
win32-setctime = []
yapf = []
